
Microsoft Visual Studio Solution File, Format Version 12.00
# Visual Studio Version 16
VisualStudioVersion = 16.0.30804.86
MinimumVisualStudioVersion = 10.0.40219.1
Project("{FAE04EC0-301F-11D3-BF4B-00C04F79EFBC}") = "back_end_Peliculas", "back_end_Peliculas\back_end_Peliculas.csproj", "{EC56920C-80B7-4FA1-8BDE-F92AA94736ED}"
EndProject
Global
	GlobalSection(SolutionConfigurationPlatforms) = preSolution
		Debug|Any CPU = Debug|Any CPU
		Release|Any CPU = Release|Any CPU
	EndGlobalSection
	GlobalSection(ProjectConfigurationPlatforms) = postSolution
		{EC56920C-80B7-4FA1-8BDE-F92AA94736ED}.Debug|Any CPU.ActiveCfg = Debug|Any CPU
		{EC56920C-80B7-4FA1-8BDE-F92AA94736ED}.Debug|Any CPU.Build.0 = Debug|Any CPU
		{EC56920C-80B7-4FA1-8BDE-F92AA94736ED}.Release|Any CPU.ActiveCfg = Release|Any CPU
		{EC56920C-80B7-4FA1-8BDE-F92AA94736ED}.Release|Any CPU.Build.0 = Release|Any CPU
	EndGlobalSection
	GlobalSection(SolutionProperties) = preSolution
		HideSolutionNode = FALSE
	EndGlobalSection
	GlobalSection(ExtensibilityGlobals) = postSolution
		SolutionGuid = {93BAA95D-8BC4-4D4C-B077-13C068CB79AA}
	EndGlobalSection
EndGlobal
